
Microsoft Visual Studio Solution File, Format Version 12.00
# Visual Studio Version 17
VisualStudioVersion = 17.1.32414.318
MinimumVisualStudioVersion = 10.0.40219.1
Project("{FAE04EC0-301F-11D3-BF4B-00C04F79EFBC}") = "Assignment4", "Assignment4.csproj", "{00AEA182-FA21-4DD3-8D64-69CCB00ACE90}"
EndProject
Global
	GlobalSection(SolutionConfigurationPlatforms) = preSolution
		Debug|Any CPU = Debug|Any CPU
		Release|Any CPU = Release|Any CPU
	EndGlobalSection
	GlobalSection(ProjectConfigurationPlatforms) = postSolution
		{00AEA182-FA21-4DD3-8D64-69CCB00ACE90}.Debug|Any CPU.ActiveCfg = Debug|Any CPU
		{00AEA182-FA21-4DD3-8D64-69CCB00ACE90}.Debug|Any CPU.Build.0 = Debug|Any CPU
		{00AEA182-FA21-4DD3-8D64-69CCB00ACE90}.Release|Any CPU.ActiveCfg = Release|Any CPU
		{00AEA182-FA21-4DD3-8D64-69CCB00ACE90}.Release|Any CPU.Build.0 = Release|Any CPU
	EndGlobalSection
	GlobalSection(SolutionProperties) = preSolution
		HideSolutionNode = FALSE
	EndGlobalSection
	GlobalSection(ExtensibilityGlobals) = postSolution
		SolutionGuid = {F39E842C-CCB5-44C2-B9D7-F79C1C55824E}
	EndGlobalSection
EndGlobal
